
Microsoft Visual Studio Solution File, Format Version 12.00
# Visual Studio Version 17
VisualStudioVersion = 17.7.34031.279
MinimumVisualStudioVersion = 10.0.40219.1
Project("{FAE04EC0-301F-11D3-BF4B-00C04F79EFBC}") = "API.Application", "API.Application\API.Application.csproj", "{CD7D255D-A666-42A0-9C49-576737BD45E0}"
EndProject
Project("{FAE04EC0-301F-11D3-BF4B-00C04F79EFBC}") = "API.Domain", "API.Domain\API.Domain.csproj", "{CCD8814C-0A8B-4FE1-A745-01F1C76FE5A1}"
EndProject
Project("{FAE04EC0-301F-11D3-BF4B-00C04F79EFBC}") = "API.Infrastructure", "API.Infrastructure\API.Infrastructure.csproj", "{272A5A3C-FD5B-4B64-85C1-6C1476FC7117}"
EndProject
Project("{FAE04EC0-301F-11D3-BF4B-00C04F79EFBC}") = "WebAPI", "WebAPI\WebAPI.csproj", "{F82D0531-8458-4FAC-9953-B12499858EA0}"
EndProject
Global
	GlobalSection(SolutionConfigurationPlatforms) = preSolution
		Debug|Any CPU = Debug|Any CPU
		Release|Any CPU = Release|Any CPU
	EndGlobalSection
	GlobalSection(ProjectConfigurationPlatforms) = postSolution
		{CD7D255D-A666-42A0-9C49-576737BD45E0}.Debug|Any CPU.ActiveCfg = Debug|Any CPU
		{CD7D255D-A666-42A0-9C49-576737BD45E0}.Debug|Any CPU.Build.0 = Debug|Any CPU
		{CD7D255D-A666-42A0-9C49-576737BD45E0}.Release|Any CPU.ActiveCfg = Release|Any CPU
		{CD7D255D-A666-42A0-9C49-576737BD45E0}.Release|Any CPU.Build.0 = Release|Any CPU
		{CCD8814C-0A8B-4FE1-A745-01F1C76FE5A1}.Debug|Any CPU.ActiveCfg = Debug|Any CPU
		{CCD8814C-0A8B-4FE1-A745-01F1C76FE5A1}.Debug|Any CPU.Build.0 = Debug|Any CPU
		{CCD8814C-0A8B-4FE1-A745-01F1C76FE5A1}.Release|Any CPU.ActiveCfg = Release|Any CPU
		{CCD8814C-0A8B-4FE1-A745-01F1C76FE5A1}.Release|Any CPU.Build.0 = Release|Any CPU
		{272A5A3C-FD5B-4B64-85C1-6C1476FC7117}.Debug|Any CPU.ActiveCfg = Debug|Any CPU
		{272A5A3C-FD5B-4B64-85C1-6C1476FC7117}.Debug|Any CPU.Build.0 = Debug|Any CPU
		{272A5A3C-FD5B-4B64-85C1-6C1476FC7117}.Release|Any CPU.ActiveCfg = Release|Any CPU
		{272A5A3C-FD5B-4B64-85C1-6C1476FC7117}.Release|Any CPU.Build.0 = Release|Any CPU
		{F82D0531-8458-4FAC-9953-B12499858EA0}.Debug|Any CPU.ActiveCfg = Debug|Any CPU
		{F82D0531-8458-4FAC-9953-B12499858EA0}.Debug|Any CPU.Build.0 = Debug|Any CPU
		{F82D0531-8458-4FAC-9953-B12499858EA0}.Release|Any CPU.ActiveCfg = Release|Any CPU
		{F82D0531-8458-4FAC-9953-B12499858EA0}.Release|Any CPU.Build.0 = Release|Any CPU
	EndGlobalSection
	GlobalSection(SolutionProperties) = preSolution
		HideSolutionNode = FALSE
	EndGlobalSection
	GlobalSection(ExtensibilityGlobals) = postSolution
		SolutionGuid = {ED2A1600-FA50-402E-A670-8762C839DB4D}
	EndGlobalSection
EndGlobal
